
Microsoft Visual Studio Solution File, Format Version 12.00
# Visual Studio Version 16
VisualStudioVersion = 16.0.31624.102
MinimumVisualStudioVersion = 10.0.40219.1
Project("{2150E333-8FDC-42A3-9474-1A3956D46DE8}") = "Tests", "Tests", "{98C6E967-FA45-4C99-BD7B-F547C794AD88}"
EndProject
Project("{9A19103F-16F7-4668-BE54-9A1E7A4F7556}") = "UnitTests", "Tests\UnitTests\UnitTests.csproj", "{F33BA99E-E57C-4A98-A93D-4294FAD50CA6}"
EndProject
Project("{9A19103F-16F7-4668-BE54-9A1E7A4F7556}") = "Classic", "src\Classic\Classic.csproj", "{84622D29-1342-412F-9F6F-10EB3D26F750}"
EndProject
Project("{9A19103F-16F7-4668-BE54-9A1E7A4F7556}") = "Delegate", "src\Delegate\Delegate.csproj", "{003DEF92-EEFB-420E-A471-3683692833D3}"
EndProject
Project("{9A19103F-16F7-4668-BE54-9A1E7A4F7556}") = "Linq", "src\Linq\Linq.csproj", "{2444047C-12AD-42D1-BEB1-107ABF3DDA5E}"
EndProject
Project("{9A19103F-16F7-4668-BE54-9A1E7A4F7556}") = "Linq200IQ", "src\Linq200IQ\Linq200IQ.csproj", "{EBF47159-DACC-46C0-9834-AD646214030E}"
EndProject
Project("{2150E333-8FDC-42A3-9474-1A3956D46DE8}") = "src", "src", "{EBCAE0BD-D3CE-441D-8020-182DFE90B542}"
EndProject
Project("{9A19103F-16F7-4668-BE54-9A1E7A4F7556}") = "MommyIKnowC", "src\MommyIKnowC\MommyIKnowC.csproj", "{2D69C2F8-6E12-4845-B1A6-2FD2E1CFAC9A}"
EndProject
Project("{9A19103F-16F7-4668-BE54-9A1E7A4F7556}") = "Switch", "src\Switch\Switch.csproj", "{62CAE3A8-0E35-496F-9EB7-D2968C3C688B}"
EndProject
Project("{9A19103F-16F7-4668-BE54-9A1E7A4F7556}") = "Tuple", "src\Tuple\Tuple.csproj", "{EC74126C-9D08-42D4-B5EF-440C01141954}"
EndProject
Global
	GlobalSection(SolutionConfigurationPlatforms) = preSolution
		Debug|Any CPU = Debug|Any CPU
		Release|Any CPU = Release|Any CPU
	EndGlobalSection
	GlobalSection(ProjectConfigurationPlatforms) = postSolution
		{F33BA99E-E57C-4A98-A93D-4294FAD50CA6}.Debug|Any CPU.ActiveCfg = Debug|Any CPU
		{F33BA99E-E57C-4A98-A93D-4294FAD50CA6}.Debug|Any CPU.Build.0 = Debug|Any CPU
		{F33BA99E-E57C-4A98-A93D-4294FAD50CA6}.Release|Any CPU.ActiveCfg = Release|Any CPU
		{F33BA99E-E57C-4A98-A93D-4294FAD50CA6}.Release|Any CPU.Build.0 = Release|Any CPU
		{84622D29-1342-412F-9F6F-10EB3D26F750}.Debug|Any CPU.ActiveCfg = Debug|Any CPU
		{84622D29-1342-412F-9F6F-10EB3D26F750}.Debug|Any CPU.Build.0 = Debug|Any CPU
		{84622D29-1342-412F-9F6F-10EB3D26F750}.Release|Any CPU.ActiveCfg = Release|Any CPU
		{84622D29-1342-412F-9F6F-10EB3D26F750}.Release|Any CPU.Build.0 = Release|Any CPU
		{003DEF92-EEFB-420E-A471-3683692833D3}.Debug|Any CPU.ActiveCfg = Debug|Any CPU
		{003DEF92-EEFB-420E-A471-3683692833D3}.Debug|Any CPU.Build.0 = Debug|Any CPU
		{003DEF92-EEFB-420E-A471-3683692833D3}.Release|Any CPU.ActiveCfg = Release|Any CPU
		{003DEF92-EEFB-420E-A471-3683692833D3}.Release|Any CPU.Build.0 = Release|Any CPU
		{2444047C-12AD-42D1-BEB1-107ABF3DDA5E}.Debug|Any CPU.ActiveCfg = Debug|Any CPU
		{2444047C-12AD-42D1-BEB1-107ABF3DDA5E}.Debug|Any CPU.Build.0 = Debug|Any CPU
		{2444047C-12AD-42D1-BEB1-107ABF3DDA5E}.Release|Any CPU.ActiveCfg = Release|Any CPU
		{2444047C-12AD-42D1-BEB1-107ABF3DDA5E}.Release|Any CPU.Build.0 = Release|Any CPU
		{EBF47159-DACC-46C0-9834-AD646214030E}.Debug|Any CPU.ActiveCfg = Debug|Any CPU
		{EBF47159-DACC-46C0-9834-AD646214030E}.Debug|Any CPU.Build.0 = Debug|Any CPU
		{EBF47159-DACC-46C0-9834-AD646214030E}.Release|Any CPU.ActiveCfg = Release|Any CPU
		{EBF47159-DACC-46C0-9834-AD646214030E}.Release|Any CPU.Build.0 = Release|Any CPU
		{2D69C2F8-6E12-4845-B1A6-2FD2E1CFAC9A}.Debug|Any CPU.ActiveCfg = Debug|Any CPU
		{2D69C2F8-6E12-4845-B1A6-2FD2E1CFAC9A}.Debug|Any CPU.Build.0 = Debug|Any CPU
		{2D69C2F8-6E12-4845-B1A6-2FD2E1CFAC9A}.Release|Any CPU.ActiveCfg = Release|Any CPU
		{2D69C2F8-6E12-4845-B1A6-2FD2E1CFAC9A}.Release|Any CPU.Build.0 = Release|Any CPU
		{62CAE3A8-0E35-496F-9EB7-D2968C3C688B}.Debug|Any CPU.ActiveCfg = Debug|Any CPU
		{62CAE3A8-0E35-496F-9EB7-D2968C3C688B}.Debug|Any CPU.Build.0 = Debug|Any CPU
		{62CAE3A8-0E35-496F-9EB7-D2968C3C688B}.Release|Any CPU.ActiveCfg = Release|Any CPU
		{62CAE3A8-0E35-496F-9EB7-D2968C3C688B}.Release|Any CPU.Build.0 = Release|Any CPU
		{EC74126C-9D08-42D4-B5EF-440C01141954}.Debug|Any CPU.ActiveCfg = Debug|Any CPU
		{EC74126C-9D08-42D4-B5EF-440C01141954}.Debug|Any CPU.Build.0 = Debug|Any CPU
		{EC74126C-9D08-42D4-B5EF-440C01141954}.Release|Any CPU.ActiveCfg = Release|Any CPU
		{EC74126C-9D08-42D4-B5EF-440C01141954}.Release|Any CPU.Build.0 = Release|Any CPU
	EndGlobalSection
	GlobalSection(SolutionProperties) = preSolution
		HideSolutionNode = FALSE
	EndGlobalSection
	GlobalSection(NestedProjects) = preSolution
		{F33BA99E-E57C-4A98-A93D-4294FAD50CA6} = {98C6E967-FA45-4C99-BD7B-F547C794AD88}
		{84622D29-1342-412F-9F6F-10EB3D26F750} = {EBCAE0BD-D3CE-441D-8020-182DFE90B542}
		{003DEF92-EEFB-420E-A471-3683692833D3} = {EBCAE0BD-D3CE-441D-8020-182DFE90B542}
		{2444047C-12AD-42D1-BEB1-107ABF3DDA5E} = {EBCAE0BD-D3CE-441D-8020-182DFE90B542}
		{EBF47159-DACC-46C0-9834-AD646214030E} = {EBCAE0BD-D3CE-441D-8020-182DFE90B542}
		{2D69C2F8-6E12-4845-B1A6-2FD2E1CFAC9A} = {EBCAE0BD-D3CE-441D-8020-182DFE90B542}
		{62CAE3A8-0E35-496F-9EB7-D2968C3C688B} = {EBCAE0BD-D3CE-441D-8020-182DFE90B542}
		{EC74126C-9D08-42D4-B5EF-440C01141954} = {EBCAE0BD-D3CE-441D-8020-182DFE90B542}
	EndGlobalSection
	GlobalSection(ExtensibilityGlobals) = postSolution
		SolutionGuid = {84EAD358-2B8B-41DA-877E-99BA02EF7013}
	EndGlobalSection
EndGlobal
